{
  "name": "example",
  "version": "1.0.0",
  "lockfileVersion": 2,
  "requires": true,
  "packages": {
    "": {
      "name": "example",
      "version": "1.0.0",
      "license": "ISC",
      "dependencies": {
        "simple-express-server": "file:../package"
      }
    },
    "..": {
      "name": "simple-express",
      "version": "1.0.2",
      "license": "ISC",
      "dependencies": {
        "busboy": "^1.6.0",
        "ejs": "^3.1.8"
      },
      "devDependencies": {
        "nodemon": "^2.0.20"
      }
    },
    "../package": {
      "version": "1.0.3",
      "license": "ISC",
      "dependencies": {
        "busboy": "^1.6.0",
        "ejs": "^3.1.8"
      },
      "devDependencies": {
        "nodemon": "^2.0.20"
      }
    },
    "node_modules/simple-express-server": {
      "resolved": "../package",
      "link": true
    }
  },
  "dependencies": {
    "simple-express-server": {
      "version": "file:../package",
      "requires": {
        "busboy": "^1.6.0",
        "ejs": "^3.1.8",
        "nodemon": "^2.0.20"
      }
    }
  }
}
